
Microsoft Visual Studio Solution File, Format Version 12.00
# Visual Studio 2012
Project("{8BC9CEB8-8B4A-11D0-8D11-00A0C91BC942}") = "02_Shaders", "02_Shaders\02_Shaders.vcxproj", "{A09D888C-6E7E-4DEA-A19E-9EBCF289DDD1}"
EndProject
Global
	GlobalSection(SolutionConfigurationPlatforms) = preSolution
		Debug|Win32 = Debug|Win32
		Release|Win32 = Release|Win32
	EndGlobalSection
	GlobalSection(ProjectConfigurationPlatforms) = postSolution
		{A09D888C-6E7E-4DEA-A19E-9EBCF289DDD1}.Debug|Win32.ActiveCfg = Debug|Win32
		{A09D888C-6E7E-4DEA-A19E-9EBCF289DDD1}.Debug|Win32.Build.0 = Debug|Win32
		{A09D888C-6E7E-4DEA-A19E-9EBCF289DDD1}.Release|Win32.ActiveCfg = Release|Win32
		{A09D888C-6E7E-4DEA-A19E-9EBCF289DDD1}.Release|Win32.Build.0 = Release|Win32
	EndGlobalSection
	GlobalSection(SolutionProperties) = preSolution
		HideSolutionNode = FALSE
	EndGlobalSection
EndGlobal
